{
  "name": ".tmp-smoke",
  "lockfileVersion": 3,
  "requires": true,
  "packages": {
    "": {
      "dependencies": {
        "react": "^19.2.4",
        "react-dom": "^19.2.4",
        "react-svg-worldmap": "file:../lib/react-svg-worldmap-2.0.0.tgz"
      }
    },
    "node_modules/d3-array": {
      "version": "2.12.1",
      "resolved": "https://registry.npmjs.org/d3-array/-/d3-array-2.12.1.tgz",
      "integrity": "sha512-B0ErZK/66mHtEsR1TkPEEkwdy+WDesimkM5gpZr5Dsg54BiTA5RXtYW5qTLIAcekaS9xfZrzBLF/OAkB3Qn1YQ==",
      "dependencies": {
        "internmap": "^1.0.0"
      }
    },
    "node_modules/d3-geo": {
      "version": "2.0.2",
      "resolved": "https://registry.npmjs.org/d3-geo/-/d3-geo-2.0.2.tgz",
      "integrity": "sha512-8pM1WGMLGFuhq9S+FpPURxic+gKzjluCD/CHTuUF3mXMeiCo0i6R0tO1s4+GArRFde96SLcW/kOFRjoAosPsFA==",
      "dependencies": {
        "d3-array": "^2.5.0"
      }
    },
    "node_modules/internmap": {
      "version": "1.0.1",
      "resolved": "https://registry.npmjs.org/internmap/-/internmap-1.0.1.tgz",
      "integrity": "sha512-lDB5YccMydFBtasVtxnZ3MRBHuaoE8GKsppq+EchKL2U4nK/DmEpPHNH8MZe5HkMtpSiTSOZwfN0tzYjO/lJEw=="
    },
    "node_modules/react": {
      "version": "19.2.4",
      "resolved": "https://registry.npmjs.org/react/-/react-19.2.4.tgz",
      "integrity": "sha512-9nfp2hYpCwOjAN+8TZFGhtWEwgvWHXqESH8qT89AT/lWklpLON22Lc8pEtnpsZz7VmawabSU0gCjnj8aC0euHQ==",
      "engines": {
        "node": ">=0.10.0"
      }
    },
    "node_modules/react-dom": {
      "version": "19.2.4",
      "resolved": "https://registry.npmjs.org/react-dom/-/react-dom-19.2.4.tgz",
      "integrity": "sha512-AXJdLo8kgMbimY95O2aKQqsz2iWi9jMgKJhRBAxECE4IFxfcazB2LmzloIoibJI3C12IlY20+KFaLv+71bUJeQ==",
      "dependencies": {
        "scheduler": "^0.27.0"
      },
      "peerDependencies": {
        "react": "^19.2.4"
      }
    },
    "node_modules/react-path-tooltip": {
      "version": "1.0.25",
      "resolved": "https://registry.npmjs.org/react-path-tooltip/-/react-path-tooltip-1.0.25.tgz",
      "integrity": "sha512-wT1+mDi10aFyP3nyRCz3ixcwWGPIeCb3QOPHFYC+kIzaQUPk82Lrm3TsDn2k24n8FdUbbsxpfL8iwIddzaG5LQ==",
      "engines": {
        "node": ">=10"
      },
      "peerDependencies": {
        "react": ">=16",
        "react-dom": ">=16.0.0"
      }
    },
    "node_modules/react-svg-worldmap": {
      "version": "2.0.0",
      "resolved": "file:../lib/react-svg-worldmap-2.0.0.tgz",
      "integrity": "sha512-YkrsMGQTGLeX7nYtvWaBMjjg/ilQ6lgjdmLlRMPquzpmpqmnJ9w6ZFaqo0IIe45rF9W30jmDLUES0z5c+AeDdw==",
      "license": "MIT",
      "dependencies": {
        "d3-geo": "^2.0.2",
        "react-path-tooltip": "^1.0.25",
        "tslib": "^2.4.0"
      },
      "engines": {
        "node": ">=18"
      },
      "peerDependencies": {
        "react": ">=16",
        "react-dom": ">=16.0.0"
      }
    },
    "node_modules/scheduler": {
      "version": "0.27.0",
      "resolved": "https://registry.npmjs.org/scheduler/-/scheduler-0.27.0.tgz",
      "integrity": "sha512-eNv+WrVbKu1f3vbYJT/xtiF5syA5HPIMtf9IgY/nKg0sWqzAUEvqY/xm7OcZc/qafLx/iO9FgOmeSAp4v5ti/Q=="
    },
    "node_modules/tslib": {
      "version": "2.8.1",
      "resolved": "https://registry.npmjs.org/tslib/-/tslib-2.8.1.tgz",
      "integrity": "sha512-oJFu94HQb+KVduSUQL7wnpmqnfmLsOA/nAh6b6EH0wCEoK0/mPeXU6c3wKDV83MkOuHPRHtSXKKU99IBazS/2w=="
    }
  }
}
